
Microsoft Visual Studio Solution File, Format Version 12.00
# Visual Studio Version 16
VisualStudioVersion = 16.0.30523.141
MinimumVisualStudioVersion = 10.0.40219.1
Project("{9A19103F-16F7-4668-BE54-9A1E7A4F7556}") = "Vinoteca", "Vinoteca\Vinoteca.csproj", "{EFF6FC41-DD66-4ED7-9A21-70C7291CF115}"
EndProject
Global
	GlobalSection(SolutionConfigurationPlatforms) = preSolution
		Debug|Any CPU = Debug|Any CPU
		Release|Any CPU = Release|Any CPU
	EndGlobalSection
	GlobalSection(ProjectConfigurationPlatforms) = postSolution
		{EFF6FC41-DD66-4ED7-9A21-70C7291CF115}.Debug|Any CPU.ActiveCfg = Debug|Any CPU
		{EFF6FC41-DD66-4ED7-9A21-70C7291CF115}.Debug|Any CPU.Build.0 = Debug|Any CPU
		{EFF6FC41-DD66-4ED7-9A21-70C7291CF115}.Release|Any CPU.ActiveCfg = Release|Any CPU
		{EFF6FC41-DD66-4ED7-9A21-70C7291CF115}.Release|Any CPU.Build.0 = Release|Any CPU
	EndGlobalSection
	GlobalSection(SolutionProperties) = preSolution
		HideSolutionNode = FALSE
	EndGlobalSection
	GlobalSection(ExtensibilityGlobals) = postSolution
		SolutionGuid = {A57A869D-2BD6-4678-A674-79B478771012}
	EndGlobalSection
EndGlobal
